PODS:
  - BlocksKit/DynamicDelegate (2.2.3)
  - Emitter (0.0.7):
    - BlocksKit/DynamicDelegate
  - Expecta (0.2.4)
  - OCMock (2.1.1)
  - socket.IO (0.5.2):
    - SocketRocket (~> 0.2)
  - SocketIO.objc (0.0.1):
    - Emitter (~> 0.0)
    - socket.IO (~> 0.5)
    - SocketRocket (~> 0.3)
  - SocketRocket (0.3.1-beta2)
  - Specta (0.2.1)

DEPENDENCIES:
  - Expecta (~> 0.2.1)
  - OCMock (~> 2.1.1)
  - SocketIO.objc (from `../`)
  - Specta (~> 0.2.1)

EXTERNAL SOURCES:
  SocketIO.objc:
    :path: ../

SPEC CHECKSUMS:
  BlocksKit: 07c8a80f04275efac6a5f8b973782489c083a182
  Emitter: be2820bd9ef5a3644da3cb34d9ec19e44c1213e6
  Expecta: 112bcafa2304ee0f3c5e586505f24555a47b25d5
  OCMock: 363db8429164eaa219ea96a51f06e830ef3e7393
  socket.IO: db3e71805c862038ab73209dda2b0ad6babc54b2
  SocketIO.objc: a8fc99813cddc54ac23b0188770c542f0fb03c31
  SocketRocket: 79a68ae186063c65e1fe6f638b1ae2927aa5f304
  Specta: 9141310f46b1f68b676650ff2854e1ed0b74163a

COCOAPODS: 0.32.1
